
Microsoft Visual Studio Solution File, Format Version 12.00
# Visual Studio Version 16
VisualStudioVersion = 16.0.31105.61
MinimumVisualStudioVersion = 10.0.40219.1
Project("{FAE04EC0-301F-11D3-BF4B-00C04F79EFBC}") = "DataBindingDemo", "DataBindingDemo\DataBindingDemo.csproj", "{D9CB765D-B417-43EB-B2B7-FF7580B9B7B1}"
EndProject
Global
	GlobalSection(SolutionConfigurationPlatforms) = preSolution
		Debug|Any CPU = Debug|Any CPU
		Release|Any CPU = Release|Any CPU
	EndGlobalSection
	GlobalSection(ProjectConfigurationPlatforms) = postSolution
		{D9CB765D-B417-43EB-B2B7-FF7580B9B7B1}.Debug|Any CPU.ActiveCfg = Debug|Any CPU
		{D9CB765D-B417-43EB-B2B7-FF7580B9B7B1}.Debug|Any CPU.Build.0 = Debug|Any CPU
		{D9CB765D-B417-43EB-B2B7-FF7580B9B7B1}.Release|Any CPU.ActiveCfg = Release|Any CPU
		{D9CB765D-B417-43EB-B2B7-FF7580B9B7B1}.Release|Any CPU.Build.0 = Release|Any CPU
	EndGlobalSection
	GlobalSection(SolutionProperties) = preSolution
		HideSolutionNode = FALSE
	EndGlobalSection
	GlobalSection(ExtensibilityGlobals) = postSolution
		SolutionGuid = {D0DB595A-AE4B-4F95-8E14-26C78B455B74}
	EndGlobalSection
EndGlobal
